// !$*UTF8*$!
{
	archiveVersion = 1;
	classes = {
	};
	objectVersion = 46;
	objects = {

/* Begin PBXBuildFile section */
		1E266C071C482C2A001E592B /* AppDelegate.swift in Sources */ = {isa = PBXBuildFile; fileRef = 1E266C061C482C2A001E592B /* AppDelegate.swift */; };
		1E266C091C482C2A001E592B /* ViewController.swift in Sources */ = {isa = PBXBuildFile; fileRef = 1E266C081C482C2A001E592B /* ViewController.swift */; };
		1E266C0C1C482C2A001E592B /* Main.storyboard in Resources */ = {isa = PBXBuildFile; fileRef = 1E266C0A1C482C2A001E592B /* Main.storyboard */; };
		1E266C0E1C482C2A001E592B /* Assets.xcassets in Resources */ = {isa = PBXBuildFile; fileRef = 1E266C0D1C482C2A001E592B /* Assets.xcassets */; };
		1E266C111C482C2A001E592B /* LaunchScreen.storyboard in Resources */ = {isa = PBXBuildFile; fileRef = 1E266C0F1C482C2A001E592B /* LaunchScreen.storyboard */; };
		1E68EA281C49DDA70056EAE6 /* BackgroundView.swift in Sources */ = {isa = PBXBuildFile; fileRef = 1E68EA271C49DDA70056EAE6 /* BackgroundView.swift */; };
		1ECE5E1A1C4868F800EA9538 /* Constants.swift in Sources */ = {isa = PBXBuildFile; fileRef = 1ECE5E191C4868F800EA9538 /* Constants.swift */; };
		1ECE5E1C1C48701C00EA9538 /* CurrentWeather.swift in Sources */ = {isa = PBXBuildFile; fileRef = 1ECE5E1B1C48701C00EA9538 /* CurrentWeather.swift */; };
		1EDAE94F1C4B3EEF00DD8800 /* DailyCell.swift in Sources */ = {isa = PBXBuildFile; fileRef = 1EDAE94E1C4B3EEF00DD8800 /* DailyCell.swift */; };
		1EDAE9511C4B400D00DD8800 /* DailyWeather.swift in Sources */ = {isa = PBXBuildFile; fileRef = 1EDAE9501C4B400D00DD8800 /* DailyWeather.swift */; };
		F540CF9185A0851DBCA05B27 /* Pods_weather2.framework in Frameworks */ = {isa = PBXBuildFile; fileRef = DF1298E2BA970570F496EB70 /* Pods_weather2.framework */; };
/* End PBXBuildFile section */

/* Begin PBXFileReference section */
		1E266C031C482C2A001E592B /* weather2.app */ = {isa = PBXFileReference; explicitFileType = wrapper.application; includeInIndex = 0; path = weather2.app; sourceTree = BUILT_PRODUCTS_DIR; };
		1E266C061C482C2A001E592B /* AppDelegate.swift */ = {isa = PBXFileReference; lastKnownFileType = sourcecode.swift; path = AppDelegate.swift; sourceTree = "<group>"; };
		1E266C081C482C2A001E592B /* ViewController.swift */ = {isa = PBXFileReference; lastKnownFileType = sourcecode.swift; path = ViewController.swift; sourceTree = "<group>"; };
		1E266C0B1C482C2A001E592B /* Base */ = {isa = PBXFileReference; lastKnownFileType = file.storyboard; name = Base; path = Base.lproj/Main.storyboard; sourceTree = "<group>"; };
		1E266C0D1C482C2A001E592B /* Assets.xcassets */ = {isa = PBXFileReference; lastKnownFileType = folder.assetcatalog; path = Assets.xcassets; sourceTree = "<group>"; };
		1E266C101C482C2A001E592B /* Base */ = {isa = PBXFileReference; lastKnownFileType = file.storyboard; name = Base; path = Base.lproj/LaunchScreen.storyboard; sourceTree = "<group>"; };
		1E266C121C482C2A001E592B /* Info.plist */ = {isa = PBXFileReference; lastKnownFileType = text.plist.xml; path = Info.plist; sourceTree = "<group>"; };
		1E68EA271C49DDA70056EAE6 /* BackgroundView.swift */ = {isa = PBXFileReference; fileEncoding = 4; lastKnownFileType = sourcecode.swift; path = BackgroundView.swift; sourceTree = "<group>"; };
		1ECE5E191C4868F800EA9538 /* Constants.swift */ = {isa = PBXFileReference; fileEncoding = 4; lastKnownFileType = sourcecode.swift; path = Constants.swift; sourceTree = "<group>"; };
		1ECE5E1B1C48701C00EA9538 /* CurrentWeather.swift */ = {isa = PBXFileReference; fileEncoding = 4; lastKnownFileType = sourcecode.swift; path = CurrentWeather.swift; sourceTree = "<group>"; };
		1EDAE94E1C4B3EEF00DD8800 /* DailyCell.swift */ = {isa = PBXFileReference; fileEncoding = 4; lastKnownFileType = sourcecode.swift; path = DailyCell.swift; sourceTree = "<group>"; };
		1EDAE9501C4B400D00DD8800 /* DailyWeather.swift */ = {isa = PBXFileReference; fileEncoding = 4; lastKnownFileType = sourcecode.swift; path = DailyWeather.swift; sourceTree = "<group>"; };
		6218FE053992C948991EFEAE /* Pods-weather2.release.xcconfig */ = {isa = PBXFileReference; includeInIndex = 1; lastKnownFileType = text.xcconfig; name = "Pods-weather2.release.xcconfig"; path = "Pods/Target Support Files/Pods-weather2/Pods-weather2.release.xcconfig"; sourceTree = "<group>"; };
		C6584145FD376BB66F286B0F /* Pods-weather2.debug.xcconfig */ = {isa = PBXFileReference; includeInIndex = 1; lastKnownFileType = text.xcconfig; name = "Pods-weather2.debug.xcconfig"; path = "Pods/Target Support Files/Pods-weather2/Pods-weather2.debug.xcconfig"; sourceTree = "<group>"; };
		DF1298E2BA970570F496EB70 /* Pods_weather2.framework */ = {isa = PBXFileReference; explicitFileType = wrapper.framework; includeInIndex = 0; path = Pods_weather2.framework; sourceTree = BUILT_PRODUCTS_DIR; };
/* End PBXFileReference section */

/* Begin PBXFrameworksBuildPhase section */
		1E266C001C482C2A001E592B /* Frameworks */ = {
			isa = PBXFrameworksBuildPhase;
			buildActionMask = 2147483647;
			files = (
				F540CF9185A0851DBCA05B27 /* Pods_weather2.framework in Frameworks */,
			);
			runOnlyForDeploymentPostprocessing = 0;
		};
/* End PBXFrameworksBuildPhase section */

/* Begin PBXGroup section */
		10E56E8716A9BAE04ACE526B /* Pods */ = {
			isa = PBXGroup;
			children = (
				C6584145FD376BB66F286B0F /* Pods-weather2.debug.xcconfig */,
				6218FE053992C948991EFEAE /* Pods-weather2.release.xcconfig */,
			);
			name = Pods;
			sourceTree = "<group>";
		};
		1E266BFA1C482C2A001E592B = {
			isa = PBXGroup;
			children = (
				1E266C051C482C2A001E592B /* weather2 */,
				1E266C041C482C2A001E592B /* Products */,
				10E56E8716A9BAE04ACE526B /* Pods */,
				CF51F43F8201CBBD09DFABD3 /* Frameworks */,
			);
			sourceTree = "<group>";
		};
		1E266C041C482C2A001E592B /* Products */ = {
			isa = PBXGroup;
			children = (
				1E266C031C482C2A001E592B /* weather2.app */,
			);
			name = Products;
			sourceTree = "<group>";
		};
		1E266C051C482C2A001E592B /* weather2 */ = {
			isa = PBXGroup;
			children = (
				1ECE5E181C484A7C00EA9538 /* Model */,
				1ECE5E161C484A5900EA9538 /* View */,
				1ECE5E151C484A4D00EA9538 /* Controller */,
				1E266C181C4841E7001E592B /* Util */,
				1E266C061C482C2A001E592B /* AppDelegate.swift */,
				1E266C0D1C482C2A001E592B /* Assets.xcassets */,
				1E266C0F1C482C2A001E592B /* LaunchScreen.storyboard */,
				1E266C121C482C2A001E592B /* Info.plist */,
			);
			path = weather2;
			sourceTree = "<group>";
		};
		1E266C181C4841E7001E592B /* Util */ = {
			isa = PBXGroup;
			children = (
				1ECE5E191C4868F800EA9538 /* Constants.swift */,
			);
			name = Util;
			sourceTree = "<group>";
		};
		1ECE5E151C484A4D00EA9538 /* Controller */ = {
			isa = PBXGroup;
			children = (
				1E266C081C482C2A001E592B /* ViewController.swift */,
			);
			name = Controller;
			sourceTree = "<group>";
		};
		1ECE5E161C484A5900EA9538 /* View */ = {
			isa = PBXGroup;
			children = (
				1E68EA271C49DDA70056EAE6 /* BackgroundView.swift */,
				1E266C0A1C482C2A001E592B /* Main.storyboard */,
				1EDAE94E1C4B3EEF00DD8800 /* DailyCell.swift */,
			);
			name = View;
			sourceTree = "<group>";
		};
		1ECE5E181C484A7C00EA9538 /* Model */ = {
			isa = PBXGroup;
			children = (
				1ECE5E1B1C48701C00EA9538 /* CurrentWeather.swift */,
				1EDAE9501C4B400D00DD8800 /* DailyWeather.swift */,
			);
			name = Model;
			sourceTree = "<group>";
		};
		CF51F43F8201CBBD09DFABD3 /* Frameworks */ = {
			isa = PBXGroup;
			children = (
				DF1298E2BA970570F496EB70 /* Pods_weather2.framework */,
			);
			name = Frameworks;
			sourceTree = "<group>";
		};
/* End PBXGroup section */

/* Begin PBXNativeTarget section */
		1E266C021C482C2A001E592B /* weather2 */ = {
			isa = PBXNativeTarget;
			buildConfigurationList = 1E266C151C482C2A001E592B /* Build configuration list for PBXNativeTarget "weather2" */;
			buildPhases = (
				C3E3CD2E5709BFDDB3BC7D69 /* Check Pods Manifest.lock */,
				1E266BFF1C482C2A001E592B /* Sources */,
				1E266C001C482C2A001E592B /* Frameworks */,
				1E266C011C482C2A001E592B /* Resources */,
				29CDEF616F9F941C268B112F /* Embed Pods Frameworks */,
				F02E056D358BA3C4D82D31D5 /* Copy Pods Resources */,
			);
			buildRules = (
			);
			dependencies = (
			);
			name = weather2;
			productName = weather2;
			productReference = 1E266C031C482C2A001E592B /* weather2.app */;
			productType = "com.apple.product-type.application";
		};
/* End PBXNativeTarget section */

/* Begin PBXProject section */
		1E266BFB1C482C2A001E592B /* Project object */ = {
			isa = PBXProject;
			attributes = {
				LastSwiftUpdateCheck = 0720;
				LastUpgradeCheck = 0720;
				ORGANIZATIONNAME = "Auggie Doggie iOSware";
				TargetAttributes = {
					1E266C021C482C2A001E592B = {
						CreatedOnToolsVersion = 7.2;
						DevelopmentTeam = T5G5TQQCM6;
					};
				};
			};
			buildConfigurationList = 1E266BFE1C482C2A001E592B /* Build configuration list for PBXProject "weather2" */;
			compatibilityVersion = "Xcode 3.2";
			developmentRegion = English;
			hasScannedForEncodings = 0;
			knownRegions = (
				en,
				Base,
			);
			mainGroup = 1E266BFA1C482C2A001E592B;
			productRefGroup = 1E266C041C482C2A001E592B /* Products */;
			projectDirPath = "";
			projectRoot = "";
			targets = (
				1E266C021C482C2A001E592B /* weather2 */,
			);
		};
/* End PBXProject section */

/* Begin PBXResourcesBuildPhase section */
		1E266C011C482C2A001E592B /* Resources */ = {
			isa = PBXResourcesBuildPhase;
			buildActionMask = 2147483647;
			files = (
				1E266C111C482C2A001E592B /* LaunchScreen.storyboard in Resources */,
				1E266C0E1C482C2A001E592B /* Assets.xcassets in Resources */,
				1E266C0C1C482C2A001E592B /* Main.storyboard in Resources */,
			);
			runOnlyForDeploymentPostprocessing = 0;
		};
/* End PBXResourcesBuildPhase section */

/* Begin PBXShellScriptBuildPhase section */
		29CDEF616F9F941C268B112F /* Embed Pods Frameworks */ = {
			isa = PBXShellScriptBuildPhase;
			buildActionMask = 2147483647;
			files = (
			);
			inputPaths = (
			);
			name = "Embed Pods Frameworks";
			outputPaths = (
			);
			runOnlyForDeploymentPostprocessing = 0;
			shellPath = /bin/sh;
			shellScript = "\"${SRCROOT}/Pods/Target Support Files/Pods-weather2/Pods-weather2-frameworks.sh\"\n";
			showEnvVarsInLog = 0;
		};
		C3E3CD2E5709BFDDB3BC7D69 /* Check Pods Manifest.lock */ = {
			isa = PBXShellScriptBuildPhase;
			buildActionMask = 2147483647;
			files = (
			);
			inputPaths = (
			);
			name = "Check Pods Manifest.lock";
			outputPaths = (
			);
			runOnlyForDeploymentPostprocessing = 0;
			shellPath = /bin/sh;
			shellScript = "diff \"${PODS_ROOT}/../Podfile.lock\" \"${PODS_ROOT}/Manifest.lock\" > /dev/null\nif [[ $? != 0 ]] ; then\n    cat << EOM\nerror: The sandbox is not in sync with the Podfile.lock. Run 'pod install' or update your CocoaPods installation.\nEOM\n    exit 1\nfi\n";
			showEnvVarsInLog = 0;
		};
		F02E056D358BA3C4D82D31D5 /* Copy Pods Resources */ = {
			isa = PBXShellScriptBuildPhase;
			buildActionMask = 2147483647;
			files = (
			);
			inputPaths = (
			);
			name = "Copy Pods Resources";
			outputPaths = (
			);
			runOnlyForDeploymentPostprocessing = 0;
			shellPath = /bin/sh;
			shellScript = "\"${SRCROOT}/Pods/Target Support Files/Pods-weather2/Pods-weather2-resources.sh\"\n";
			showEnvVarsInLog = 0;
		};
/* End PBXShellScriptBuildPhase section */

/* Begin PBXSourcesBuildPhase section */
		1E266BFF1C482C2A001E592B /* Sources */ = {
			isa = PBXSourcesBuildPhase;
			buildActionMask = 2147483647;
			files = (
				1E68EA281C49DDA70056EAE6 /* BackgroundView.swift in Sources */,
				1EDAE9511C4B400D00DD8800 /* DailyWeather.swift in Sources */,
				1EDAE94F1C4B3EEF00DD8800 /* DailyCell.swift in Sources */,
				1E266C091C482C2A001E592B /* ViewController.swift in Sources */,
				1E266C071C482C2A001E592B /* AppDelegate.swift in Sources */,
				1ECE5E1C1C48701C00EA9538 /* CurrentWeather.swift in Sources */,
				1ECE5E1A1C4868F800EA9538 /* Constants.swift in Sources */,
			);
			runOnlyForDeploymentPostprocessing = 0;
		};
/* End PBXSourcesBuildPhase section */

/* Begin PBXVariantGroup section */
		1E266C0A1C482C2A001E592B /* Main.storyboard */ = {
			isa = PBXVariantGroup;
			children = (
				1E266C0B1C482C2A001E592B /* Base */,
			);
			name = Main.storyboard;
			sourceTree = "<group>";
		};
		1E266C0F1C482C2A001E592B /* LaunchScreen.storyboard */ = {
			isa = PBXVariantGroup;
			children = (
				1E266C101C482C2A001E592B /* Base */,
			);
			name = LaunchScreen.storyboard;
			sourceTree = "<group>";
		};
/* End PBXVariantGroup section */

/* Begin XCBuildConfiguration section */
		1E266C131C482C2A001E592B /* Debug */ = {
			isa = XCBuildConfiguration;
			buildSettings = {
				ALWAYS_SEARCH_USER_PATHS = NO;
				CLANG_CXX_LANGUAGE_STANDARD = "gnu++0x";
				CLANG_CXX_LIBRARY = "libc++";
				CLANG_ENABLE_MODULES = YES;
				CLANG_ENABLE_OBJC_ARC = YES;
				CLANG_WARN_BOOL_CONVERSION = YES;
				CLANG_WARN_CONSTANT_CONVERSION = YES;
				CLANG_WARN_DIRECT_OBJC_ISA_USAGE = YES_ERROR;
				CLANG_WARN_EMPTY_BODY = YES;
				CLANG_WARN_ENUM_CONVERSION = YES;
				CLANG_WARN_INT_CONVERSION = YES;
				CLANG_WARN_OBJC_ROOT_CLASS = YES_ERROR;
				CLANG_WARN_UNREACHABLE_CODE = YES;
				CLANG_WARN__DUPLICATE_METHOD_MATCH = YES;
				"CODE_SIGN_IDENTITY[sdk=iphoneos*]" = "iPhone Developer";
				COPY_PHASE_STRIP = NO;
				DEBUG_INFORMATION_FORMAT = dwarf;
				ENABLE_STRICT_OBJC_MSGSEND = YES;
				ENABLE_TESTABILITY = YES;
				GCC_C_LANGUAGE_STANDARD = gnu99;
				GCC_DYNAMIC_NO_PIC = NO;
				GCC_NO_COMMON_BLOCKS = YES;
				GCC_OPTIMIZATION_LEVEL = 0;
				GCC_PREPROCESSOR_DEFINITIONS = (
					"DEBUG=1",
					"$(inherited)",
				);
				GCC_WARN_64_TO_32_BIT_CONVERSION = YES;
				GCC_WARN_ABOUT_RETURN_TYPE = YES_ERROR;
				GCC_WARN_UNDECLARED_SELECTOR = YES;
				GCC_WARN_UNINITIALIZED_AUTOS = YES_AGGRESSIVE;
				GCC_WARN_UNUSED_FUNCTION = YES;
				GCC_WARN_UNUSED_VARIABLE = YES;
				IPHONEOS_DEPLOYMENT_TARGET = 9.2;
				MTL_ENABLE_DEBUG_INFO = YES;
				ONLY_ACTIVE_ARCH = YES;
				SDKROOT = iphoneos;
				SWIFT_OPTIMIZATION_LEVEL = "-Onone";
			};
			name = Debug;
		};
		1E266C141C482C2A001E592B /* Release */ = {
			isa = XCBuildConfiguration;
			buildSettings = {
				ALWAYS_SEARCH_USER_PATHS = NO;
				CLANG_CXX_LANGUAGE_STANDARD = "gnu++0x";
				CLANG_CXX_LIBRARY = "libc++";
				CLANG_ENABLE_MODULES = YES;
				CLANG_ENABLE_OBJC_ARC = YES;
				CLANG_WARN_BOOL_CONVERSION = YES;
				CLANG_WARN_CONSTANT_CONVERSION = YES;
				CLANG_WARN_DIRECT_OBJC_ISA_USAGE = YES_ERROR;
				CLANG_WARN_EMPTY_BODY = YES;
				CLANG_WARN_ENUM_CONVERSION = YES;
				CLANG_WARN_INT_CONVERSION = YES;
				CLANG_WARN_OBJC_ROOT_CLASS = YES_ERROR;
				CLANG_WARN_UNREACHABLE_CODE = YES;
				CLANG_WARN__DUPLICATE_METHOD_MATCH = YES;
				"CODE_SIGN_IDENTITY[sdk=iphoneos*]" = "iPhone Developer";
				COPY_PHASE_STRIP = NO;
				DEBUG_INFORMATION_FORMAT = "dwarf-with-dsym";
				ENABLE_NS_ASSERTIONS = NO;
				ENABLE_STRICT_OBJC_MSGSEND = YES;
				GCC_C_LANGUAGE_STANDARD = gnu99;
				GCC_NO_COMMON_BLOCKS = YES;
				GCC_WARN_64_TO_32_BIT_CONVERSION = YES;
				GCC_WARN_ABOUT_RETURN_TYPE = YES_ERROR;
				GCC_WARN_UNDECLARED_SELECTOR = YES;
				GCC_WARN_UNINITIALIZED_AUTOS = YES_AGGRESSIVE;
				GCC_WARN_UNUSED_FUNCTION = YES;
				GCC_WARN_UNUSED_VARIABLE = YES;
				IPHONEOS_DEPLOYMENT_TARGET = 9.2;
				MTL_ENABLE_DEBUG_INFO = NO;
				SDKROOT = iphoneos;
				VALIDATE_PRODUCT = YES;
			};
			name = Release;
		};
		1E266C161C482C2A001E592B /* Debug */ = {
			isa = XCBuildConfiguration;
			baseConfigurationReference = C6584145FD376BB66F286B0F /* Pods-weather2.debug.xcconfig */;
			buildSettings = {
				ASSETCATALOG_COMPILER_APPICON_NAME = AppIcon;
				INFOPLIST_FILE = weather2/Info.plist;
				LD_RUNPATH_SEARCH_PATHS = "$(inherited) @executable_path/Frameworks";
				PRODUCT_BUNDLE_IDENTIFIER = com.christopheraugg.weather2;
				PRODUCT_NAME = "$(TARGET_NAME)";
			};
			name = Debug;
		};
		1E266C171C482C2A001E592B /* Release */ = {
			isa = XCBuildConfiguration;
			baseConfigurationReference = 6218FE053992C948991EFEAE /* Pods-weather2.release.xcconfig */;
			buildSettings = {
				ASSETCATALOG_COMPILER_APPICON_NAME = AppIcon;
				INFOPLIST_FILE = weather2/Info.plist;
				LD_RUNPATH_SEARCH_PATHS = "$(inherited) @executable_path/Frameworks";
				PRODUCT_BUNDLE_IDENTIFIER = com.christopheraugg.weather2;
				PRODUCT_NAME = "$(TARGET_NAME)";
			};
			name = Release;
		};
/* End XCBuildConfiguration section */

/* Begin XCConfigurationList section */
		1E266BFE1C482C2A001E592B /* Build configuration list for PBXProject "weather2" */ = {
			isa = XCConfigurationList;
			buildConfigurations = (
				1E266C131C482C2A001E592B /* Debug */,
				1E266C141C482C2A001E592B /* Release */,
			);
			defaultConfigurationIsVisible = 0;
			defaultConfigurationName = Release;
		};
		1E266C151C482C2A001E592B /* Build configuration list for PBXNativeTarget "weather2" */ = {
			isa = XCConfigurationList;
			buildConfigurations = (
				1E266C161C482C2A001E592B /* Debug */,
				1E266C171C482C2A001E592B /* Release */,
			);
			defaultConfigurationIsVisible = 0;
			defaultConfigurationName = Release;
		};
/* End XCConfigurationList section */
	};
	rootObject = 1E266BFB1C482C2A001E592B /* Project object */;
}
